
Microsoft Visual Studio Solution File, Format Version 12.00
# Visual Studio Version 16
VisualStudioVersion = 16.0.28803.452
MinimumVisualStudioVersion = 15.0.26124.0
Project("{9A19103F-16F7-4668-BE54-9A1E7A4F7556}") = "Itminus.InDirectLine.Core", "Itminus.InDirectLine.Core\Itminus.InDirectLine.Core.csproj", "{606FBAC5-DAAC-434C-8324-5AB2AC47943E}"
EndProject
Project("{9A19103F-16F7-4668-BE54-9A1E7A4F7556}") = "Itminus.InDirectLine.Web", "Itminus.InDirectLine.Web\Itminus.InDirectLine.Web.csproj", "{031CF6F9-C5B6-4A5F-BBA0-5B1A1A924333}"
EndProject
Project("{9A19103F-16F7-4668-BE54-9A1E7A4F7556}") = "Itminus.InDirectLine.WeChat", "Itminus.InDirectLine.WeChat\Itminus.InDirectLine.WeChat.csproj", "{094D9E23-BF86-46AE-A253-92D2F6FF865C}"
EndProject
Project("{9A19103F-16F7-4668-BE54-9A1E7A4F7556}") = "Itminus.InDirectLine.IntegrationBotSample", "Itminus.InDirectLine.Samples\Itminus.InDirectLine.IntegrationBotSample\Itminus.InDirectLine.IntegrationBotSample.csproj", "{67E76D85-CCF3-46EE-B10D-DF389D6E4B3C}"
EndProject
Global
	GlobalSection(SolutionConfigurationPlatforms) = preSolution
		Debug|Any CPU = Debug|Any CPU
		Debug|x64 = Debug|x64
		Debug|x86 = Debug|x86
		Release|Any CPU = Release|Any CPU
		Release|x64 = Release|x64
		Release|x86 = Release|x86
	EndGlobalSection
	GlobalSection(ProjectConfigurationPlatforms) = postSolution
		{606FBAC5-DAAC-434C-8324-5AB2AC47943E}.Debug|Any CPU.ActiveCfg = Debug|Any CPU
		{606FBAC5-DAAC-434C-8324-5AB2AC47943E}.Debug|Any CPU.Build.0 = Debug|Any CPU
		{606FBAC5-DAAC-434C-8324-5AB2AC47943E}.Debug|x64.ActiveCfg = Debug|Any CPU
		{606FBAC5-DAAC-434C-8324-5AB2AC47943E}.Debug|x64.Build.0 = Debug|Any CPU
		{606FBAC5-DAAC-434C-8324-5AB2AC47943E}.Debug|x86.ActiveCfg = Debug|Any CPU
		{606FBAC5-DAAC-434C-8324-5AB2AC47943E}.Debug|x86.Build.0 = Debug|Any CPU
		{606FBAC5-DAAC-434C-8324-5AB2AC47943E}.Release|Any CPU.ActiveCfg = Release|Any CPU
		{606FBAC5-DAAC-434C-8324-5AB2AC47943E}.Release|Any CPU.Build.0 = Release|Any CPU
		{606FBAC5-DAAC-434C-8324-5AB2AC47943E}.Release|x64.ActiveCfg = Release|Any CPU
		{606FBAC5-DAAC-434C-8324-5AB2AC47943E}.Release|x64.Build.0 = Release|Any CPU
		{606FBAC5-DAAC-434C-8324-5AB2AC47943E}.Release|x86.ActiveCfg = Release|Any CPU
		{606FBAC5-DAAC-434C-8324-5AB2AC47943E}.Release|x86.Build.0 = Release|Any CPU
		{031CF6F9-C5B6-4A5F-BBA0-5B1A1A924333}.Debug|Any CPU.ActiveCfg = Debug|Any CPU
		{031CF6F9-C5B6-4A5F-BBA0-5B1A1A924333}.Debug|Any CPU.Build.0 = Debug|Any CPU
		{031CF6F9-C5B6-4A5F-BBA0-5B1A1A924333}.Debug|x64.ActiveCfg = Debug|Any CPU
		{031CF6F9-C5B6-4A5F-BBA0-5B1A1A924333}.Debug|x64.Build.0 = Debug|Any CPU
		{031CF6F9-C5B6-4A5F-BBA0-5B1A1A924333}.Debug|x86.ActiveCfg = Debug|Any CPU
		{031CF6F9-C5B6-4A5F-BBA0-5B1A1A924333}.Debug|x86.Build.0 = Debug|Any CPU
		{031CF6F9-C5B6-4A5F-BBA0-5B1A1A924333}.Release|Any CPU.ActiveCfg = Release|Any CPU
		{031CF6F9-C5B6-4A5F-BBA0-5B1A1A924333}.Release|Any CPU.Build.0 = Release|Any CPU
		{031CF6F9-C5B6-4A5F-BBA0-5B1A1A924333}.Release|x64.ActiveCfg = Release|Any CPU
		{031CF6F9-C5B6-4A5F-BBA0-5B1A1A924333}.Release|x64.Build.0 = Release|Any CPU
		{031CF6F9-C5B6-4A5F-BBA0-5B1A1A924333}.Release|x86.ActiveCfg = Release|Any CPU
		{031CF6F9-C5B6-4A5F-BBA0-5B1A1A924333}.Release|x86.Build.0 = Release|Any CPU
		{094D9E23-BF86-46AE-A253-92D2F6FF865C}.Debug|Any CPU.ActiveCfg = Debug|Any CPU
		{094D9E23-BF86-46AE-A253-92D2F6FF865C}.Debug|Any CPU.Build.0 = Debug|Any CPU
		{094D9E23-BF86-46AE-A253-92D2F6FF865C}.Debug|x64.ActiveCfg = Debug|Any CPU
		{094D9E23-BF86-46AE-A253-92D2F6FF865C}.Debug|x64.Build.0 = Debug|Any CPU
		{094D9E23-BF86-46AE-A253-92D2F6FF865C}.Debug|x86.ActiveCfg = Debug|Any CPU
		{094D9E23-BF86-46AE-A253-92D2F6FF865C}.Debug|x86.Build.0 = Debug|Any CPU
		{094D9E23-BF86-46AE-A253-92D2F6FF865C}.Release|Any CPU.ActiveCfg = Release|Any CPU
		{094D9E23-BF86-46AE-A253-92D2F6FF865C}.Release|Any CPU.Build.0 = Release|Any CPU
		{094D9E23-BF86-46AE-A253-92D2F6FF865C}.Release|x64.ActiveCfg = Release|Any CPU
		{094D9E23-BF86-46AE-A253-92D2F6FF865C}.Release|x64.Build.0 = Release|Any CPU
		{094D9E23-BF86-46AE-A253-92D2F6FF865C}.Release|x86.ActiveCfg = Release|Any CPU
		{094D9E23-BF86-46AE-A253-92D2F6FF865C}.Release|x86.Build.0 = Release|Any CPU
		{67E76D85-CCF3-46EE-B10D-DF389D6E4B3C}.Debug|Any CPU.ActiveCfg = Debug|Any CPU
		{67E76D85-CCF3-46EE-B10D-DF389D6E4B3C}.Debug|Any CPU.Build.0 = Debug|Any CPU
		{67E76D85-CCF3-46EE-B10D-DF389D6E4B3C}.Debug|x64.ActiveCfg = Debug|Any CPU
		{67E76D85-CCF3-46EE-B10D-DF389D6E4B3C}.Debug|x64.Build.0 = Debug|Any CPU
		{67E76D85-CCF3-46EE-B10D-DF389D6E4B3C}.Debug|x86.ActiveCfg = Debug|Any CPU
		{67E76D85-CCF3-46EE-B10D-DF389D6E4B3C}.Debug|x86.Build.0 = Debug|Any CPU
		{67E76D85-CCF3-46EE-B10D-DF389D6E4B3C}.Release|Any CPU.ActiveCfg = Release|Any CPU
		{67E76D85-CCF3-46EE-B10D-DF389D6E4B3C}.Release|Any CPU.Build.0 = Release|Any CPU
		{67E76D85-CCF3-46EE-B10D-DF389D6E4B3C}.Release|x64.ActiveCfg = Release|Any CPU
		{67E76D85-CCF3-46EE-B10D-DF389D6E4B3C}.Release|x64.Build.0 = Release|Any CPU
		{67E76D85-CCF3-46EE-B10D-DF389D6E4B3C}.Release|x86.ActiveCfg = Release|Any CPU
		{67E76D85-CCF3-46EE-B10D-DF389D6E4B3C}.Release|x86.Build.0 = Release|Any CPU
	EndGlobalSection
	GlobalSection(SolutionProperties) = preSolution
		HideSolutionNode = FALSE
	EndGlobalSection
	GlobalSection(ExtensibilityGlobals) = postSolution
		SolutionGuid = {7DE47434-D377-4485-8929-3A284A73374D}
	EndGlobalSection
EndGlobal
