
Microsoft Visual Studio Solution File, Format Version 12.00
# Visual Studio 15
VisualStudioVersion = 15.0.26124.0
MinimumVisualStudioVersion = 15.0.26124.0
Project("{FAE04EC0-301F-11D3-BF4B-00C04F79EFBC}") = "Itminus.InDirectLine.Core", "Itminus.InDirectLine.Core\Itminus.InDirectLine.Core.csproj", "{606FBAC5-DAAC-434C-8324-5AB2AC47943E}"
EndProject
Project("{FAE04EC0-301F-11D3-BF4B-00C04F79EFBC}") = "Itminus.InDirectLine.Web", "Itminus.InDirectLine.Web\Itminus.InDirectLine.Web.csproj", "{031CF6F9-C5B6-4A5F-BBA0-5B1A1A924333}"
EndProject
Global
	GlobalSection(SolutionConfigurationPlatforms) = preSolution
		Debug|Any CPU = Debug|Any CPU
		Debug|x64 = Debug|x64
		Debug|x86 = Debug|x86
		Release|Any CPU = Release|Any CPU
		Release|x64 = Release|x64
		Release|x86 = Release|x86
	EndGlobalSection
	GlobalSection(SolutionProperties) = preSolution
		HideSolutionNode = FALSE
	EndGlobalSection
	GlobalSection(ProjectConfigurationPlatforms) = postSolution
		{606FBAC5-DAAC-434C-8324-5AB2AC47943E}.Debug|Any CPU.ActiveCfg = Debug|Any CPU
		{606FBAC5-DAAC-434C-8324-5AB2AC47943E}.Debug|Any CPU.Build.0 = Debug|Any CPU
		{606FBAC5-DAAC-434C-8324-5AB2AC47943E}.Debug|x64.ActiveCfg = Debug|Any CPU
		{606FBAC5-DAAC-434C-8324-5AB2AC47943E}.Debug|x64.Build.0 = Debug|Any CPU
		{606FBAC5-DAAC-434C-8324-5AB2AC47943E}.Debug|x86.ActiveCfg = Debug|Any CPU
		{606FBAC5-DAAC-434C-8324-5AB2AC47943E}.Debug|x86.Build.0 = Debug|Any CPU
		{606FBAC5-DAAC-434C-8324-5AB2AC47943E}.Release|Any CPU.ActiveCfg = Release|Any CPU
		{606FBAC5-DAAC-434C-8324-5AB2AC47943E}.Release|Any CPU.Build.0 = Release|Any CPU
		{606FBAC5-DAAC-434C-8324-5AB2AC47943E}.Release|x64.ActiveCfg = Release|Any CPU
		{606FBAC5-DAAC-434C-8324-5AB2AC47943E}.Release|x64.Build.0 = Release|Any CPU
		{606FBAC5-DAAC-434C-8324-5AB2AC47943E}.Release|x86.ActiveCfg = Release|Any CPU
		{606FBAC5-DAAC-434C-8324-5AB2AC47943E}.Release|x86.Build.0 = Release|Any CPU
		{031CF6F9-C5B6-4A5F-BBA0-5B1A1A924333}.Debug|Any CPU.ActiveCfg = Debug|Any CPU
		{031CF6F9-C5B6-4A5F-BBA0-5B1A1A924333}.Debug|Any CPU.Build.0 = Debug|Any CPU
		{031CF6F9-C5B6-4A5F-BBA0-5B1A1A924333}.Debug|x64.ActiveCfg = Debug|Any CPU
		{031CF6F9-C5B6-4A5F-BBA0-5B1A1A924333}.Debug|x64.Build.0 = Debug|Any CPU
		{031CF6F9-C5B6-4A5F-BBA0-5B1A1A924333}.Debug|x86.ActiveCfg = Debug|Any CPU
		{031CF6F9-C5B6-4A5F-BBA0-5B1A1A924333}.Debug|x86.Build.0 = Debug|Any CPU
		{031CF6F9-C5B6-4A5F-BBA0-5B1A1A924333}.Release|Any CPU.ActiveCfg = Release|Any CPU
		{031CF6F9-C5B6-4A5F-BBA0-5B1A1A924333}.Release|Any CPU.Build.0 = Release|Any CPU
		{031CF6F9-C5B6-4A5F-BBA0-5B1A1A924333}.Release|x64.ActiveCfg = Release|Any CPU
		{031CF6F9-C5B6-4A5F-BBA0-5B1A1A924333}.Release|x64.Build.0 = Release|Any CPU
		{031CF6F9-C5B6-4A5F-BBA0-5B1A1A924333}.Release|x86.ActiveCfg = Release|Any CPU
		{031CF6F9-C5B6-4A5F-BBA0-5B1A1A924333}.Release|x86.Build.0 = Release|Any CPU
	EndGlobalSection
EndGlobal
